
Microsoft Visual Studio Solution File, Format Version 12.00
Project("{FAE04EC0-301F-11D3-BF4B-00C04F79EFBC}") = "Nexttag.Utils.Authentication.Jwt", "Nexttag.Utils.Authentication.Jwt\Nexttag.Utils.Authentication.Jwt.csproj", "{EDE49581-C362-4751-AEEF-1AD613DA2973}"
EndProject
Project("{2150E333-8FDC-42A3-9474-1A3956D46DE8}") = "Authentication", "Authentication", "{A5928B88-EC33-415F-8129-7D39F2BFA13E}"
EndProject
Project("{FAE04EC0-301F-11D3-BF4B-00C04F79EFBC}") = "Nexttag.Utils.Authentication", "Nexttag.Utils.Authentication\Nexttag.Utils.Authentication.csproj", "{B2B7C803-422F-4162-9207-8C565A86FBF1}"
EndProject
Project("{2150E333-8FDC-42A3-9474-1A3956D46DE8}") = "DataBase", "DataBase", "{51F125DC-7374-4BBC-BCEB-4C7C2C6D7095}"
EndProject
Project("{FAE04EC0-301F-11D3-BF4B-00C04F79EFBC}") = "Nexttag.Utils.Database", "Nexttag.Utils.Database\Nexttag.Utils.Database.csproj", "{F935D521-DDFB-4F21-9036-4BE5FE20F1DD}"
EndProject
Project("{FAE04EC0-301F-11D3-BF4B-00C04F79EFBC}") = "Nexttag.Utils.Database.Postgres", "Nexttag.Utils.Database.Postgres\Nexttag.Utils.Database.Postgres.csproj", "{58D7A56F-9CC5-470B-996A-E01AFB369B01}"
EndProject
Project("{2150E333-8FDC-42A3-9474-1A3956D46DE8}") = "Authorization", "Authorization", "{F1333746-0346-47A2-B973-2A4AACE18DB7}"
EndProject
Project("{FAE04EC0-301F-11D3-BF4B-00C04F79EFBC}") = "Nexttag.Utils.Authorization", "Nexttag.Utils.Authorization\Nexttag.Utils.Authorization.csproj", "{B821E41D-F34D-4B2C-B78D-EAFFF1238EF8}"
EndProject
Project("{2150E333-8FDC-42A3-9474-1A3956D46DE8}") = "Cache", "Cache", "{C746BEF1-5C4A-4E64-A0A9-8576FEDB3B31}"
EndProject
Project("{FAE04EC0-301F-11D3-BF4B-00C04F79EFBC}") = "Nexttag.Utils.Cache", "Nexttag.Utils.Cache\Nexttag.Utils.Cache.csproj", "{CA5B8BF2-CDDB-42A5-8BA4-F434B532EED7}"
EndProject
Global
	GlobalSection(SolutionConfigurationPlatforms) = preSolution
		Debug|Any CPU = Debug|Any CPU
		Release|Any CPU = Release|Any CPU
	EndGlobalSection
	GlobalSection(ProjectConfigurationPlatforms) = postSolution
		{EDE49581-C362-4751-AEEF-1AD613DA2973}.Debug|Any CPU.ActiveCfg = Debug|Any CPU
		{EDE49581-C362-4751-AEEF-1AD613DA2973}.Debug|Any CPU.Build.0 = Debug|Any CPU
		{EDE49581-C362-4751-AEEF-1AD613DA2973}.Release|Any CPU.ActiveCfg = Release|Any CPU
		{EDE49581-C362-4751-AEEF-1AD613DA2973}.Release|Any CPU.Build.0 = Release|Any CPU
		{B2B7C803-422F-4162-9207-8C565A86FBF1}.Debug|Any CPU.ActiveCfg = Debug|Any CPU
		{B2B7C803-422F-4162-9207-8C565A86FBF1}.Debug|Any CPU.Build.0 = Debug|Any CPU
		{B2B7C803-422F-4162-9207-8C565A86FBF1}.Release|Any CPU.ActiveCfg = Release|Any CPU
		{B2B7C803-422F-4162-9207-8C565A86FBF1}.Release|Any CPU.Build.0 = Release|Any CPU
		{F935D521-DDFB-4F21-9036-4BE5FE20F1DD}.Debug|Any CPU.ActiveCfg = Debug|Any CPU
		{F935D521-DDFB-4F21-9036-4BE5FE20F1DD}.Debug|Any CPU.Build.0 = Debug|Any CPU
		{F935D521-DDFB-4F21-9036-4BE5FE20F1DD}.Release|Any CPU.ActiveCfg = Release|Any CPU
		{F935D521-DDFB-4F21-9036-4BE5FE20F1DD}.Release|Any CPU.Build.0 = Release|Any CPU
		{58D7A56F-9CC5-470B-996A-E01AFB369B01}.Debug|Any CPU.ActiveCfg = Debug|Any CPU
		{58D7A56F-9CC5-470B-996A-E01AFB369B01}.Debug|Any CPU.Build.0 = Debug|Any CPU
		{58D7A56F-9CC5-470B-996A-E01AFB369B01}.Release|Any CPU.ActiveCfg = Release|Any CPU
		{58D7A56F-9CC5-470B-996A-E01AFB369B01}.Release|Any CPU.Build.0 = Release|Any CPU
		{B821E41D-F34D-4B2C-B78D-EAFFF1238EF8}.Debug|Any CPU.ActiveCfg = Debug|Any CPU
		{B821E41D-F34D-4B2C-B78D-EAFFF1238EF8}.Debug|Any CPU.Build.0 = Debug|Any CPU
		{B821E41D-F34D-4B2C-B78D-EAFFF1238EF8}.Release|Any CPU.ActiveCfg = Release|Any CPU
		{B821E41D-F34D-4B2C-B78D-EAFFF1238EF8}.Release|Any CPU.Build.0 = Release|Any CPU
		{CA5B8BF2-CDDB-42A5-8BA4-F434B532EED7}.Debug|Any CPU.ActiveCfg = Debug|Any CPU
		{CA5B8BF2-CDDB-42A5-8BA4-F434B532EED7}.Debug|Any CPU.Build.0 = Debug|Any CPU
		{CA5B8BF2-CDDB-42A5-8BA4-F434B532EED7}.Release|Any CPU.ActiveCfg = Release|Any CPU
		{CA5B8BF2-CDDB-42A5-8BA4-F434B532EED7}.Release|Any CPU.Build.0 = Release|Any CPU
	EndGlobalSection
	GlobalSection(NestedProjects) = preSolution
		{EDE49581-C362-4751-AEEF-1AD613DA2973} = {A5928B88-EC33-415F-8129-7D39F2BFA13E}
		{B2B7C803-422F-4162-9207-8C565A86FBF1} = {A5928B88-EC33-415F-8129-7D39F2BFA13E}
		{F935D521-DDFB-4F21-9036-4BE5FE20F1DD} = {51F125DC-7374-4BBC-BCEB-4C7C2C6D7095}
		{58D7A56F-9CC5-470B-996A-E01AFB369B01} = {51F125DC-7374-4BBC-BCEB-4C7C2C6D7095}
		{B821E41D-F34D-4B2C-B78D-EAFFF1238EF8} = {F1333746-0346-47A2-B973-2A4AACE18DB7}
		{CA5B8BF2-CDDB-42A5-8BA4-F434B532EED7} = {C746BEF1-5C4A-4E64-A0A9-8576FEDB3B31}
	EndGlobalSection
EndGlobal
